
Microsoft Visual Studio Solution File, Format Version 12.00
# Visual Studio Version 16
VisualStudioVersion = 16.0.29920.165
MinimumVisualStudioVersion = 10.0.40219.1
Project("{FAE04EC0-301F-11D3-BF4B-00C04F79EFBC}") = "ImageProcessor", "ImageProcessor\ImageProcessor.csproj", "{695AAD9E-1FD9-44AF-AAFA-1F3A366DC576}"
EndProject
Project("{FAE04EC0-301F-11D3-BF4B-00C04F79EFBC}") = "IPLibrary", "IPLibrary\IPLibrary.csproj", "{E14672FE-425A-4BC7-8C7C-11D6A3E1DA07}"
EndProject
Global
	GlobalSection(SolutionConfigurationPlatforms) = preSolution
		Debug|Any CPU = Debug|Any CPU
		Release|Any CPU = Release|Any CPU
	EndGlobalSection
	GlobalSection(ProjectConfigurationPlatforms) = postSolution
		{695AAD9E-1FD9-44AF-AAFA-1F3A366DC576}.Debug|Any CPU.ActiveCfg = Debug|Any CPU
		{695AAD9E-1FD9-44AF-AAFA-1F3A366DC576}.Debug|Any CPU.Build.0 = Debug|Any CPU
		{695AAD9E-1FD9-44AF-AAFA-1F3A366DC576}.Release|Any CPU.ActiveCfg = Release|Any CPU
		{695AAD9E-1FD9-44AF-AAFA-1F3A366DC576}.Release|Any CPU.Build.0 = Release|Any CPU
		{E14672FE-425A-4BC7-8C7C-11D6A3E1DA07}.Debug|Any CPU.ActiveCfg = Debug|Any CPU
		{E14672FE-425A-4BC7-8C7C-11D6A3E1DA07}.Debug|Any CPU.Build.0 = Debug|Any CPU
		{E14672FE-425A-4BC7-8C7C-11D6A3E1DA07}.Release|Any CPU.ActiveCfg = Release|Any CPU
		{E14672FE-425A-4BC7-8C7C-11D6A3E1DA07}.Release|Any CPU.Build.0 = Release|Any CPU
	EndGlobalSection
	GlobalSection(SolutionProperties) = preSolution
		HideSolutionNode = FALSE
	EndGlobalSection
	GlobalSection(ExtensibilityGlobals) = postSolution
		SolutionGuid = {96E4402E-E562-4575-A7EC-004BB8823B86}
	EndGlobalSection
EndGlobal
